
Microsoft Visual Studio Solution File, Format Version 12.00
# Visual Studio Version 18
VisualStudioVersion = 18.4.11605.240
MinimumVisualStudioVersion = 10.0.40219.1
Project("{9A19103F-16F7-4668-BE54-9A1E7A4F7556}") = "SharpClient", "SharpClient\SharpClient.csproj", "{F29F9838-A146-4C3A-B68F-160C60EDCE05}"
EndProject
Project("{8BC9CEB8-8B4A-11D0-8D11-00A0C91BC942}") = "AsioServer.1", "AsioServer.1\AsioServer.1.vcxproj", "{77581524-BD0B-4119-AD06-45A7E4A0156F}"
EndProject
Project("{8BC9CEB8-8B4A-11D0-8D11-00A0C91BC942}") = "AsioServer.2", "AsioServer.2\AsioServer.2.vcxproj", "{77581524-BD0B-4119-AD06-45A7E4A0157F}"
EndProject
Project("{8BC9CEB8-8B4A-11D0-8D11-00A0C91BC942}") = "AsioClient.1", "AsioClient.1\AsioClient.1.vcxproj", "{C036040F-E4B9-4F2F-9AC9-CA6727B3D4E8}"
EndProject
Project("{8BC9CEB8-8B4A-11D0-8D11-00A0C91BC942}") = "AsioClient.2", "AsioClient.2\AsioClient.2.vcxproj", "{C036040F-E4B9-4F2F-9AC9-CA6727B3D4E9}"
EndProject
Project("{8BC9CEB8-8B4A-11D0-8D11-00A0C91BC942}") = "AsioClient.3", "AsioClient.3\AsioClient.3.vcxproj", "{C036040F-E4B9-4F2F-9AC9-CA6727B3D4E5}"
EndProject
Project("{2150E333-8FDC-42A3-9474-1A3956D46DE8}") = "AsioClients", "AsioClients", "{1C365B53-BE40-48FE-A31B-76B79A07D1D7}"
EndProject
Project("{2150E333-8FDC-42A3-9474-1A3956D46DE8}") = "AsioServers", "AsioServers", "{01BB680B-6CEE-4803-890F-308A78B88570}"
EndProject
Global
	GlobalSection(SolutionConfigurationPlatforms) = preSolution
		Debug|Any CPU = Debug|Any CPU
		Debug|x64 = Debug|x64
		Debug|x86 = Debug|x86
		Release|Any CPU = Release|Any CPU
		Release|x64 = Release|x64
		Release|x86 = Release|x86
	EndGlobalSection
	GlobalSection(ProjectConfigurationPlatforms) = postSolution
		{F29F9838-A146-4C3A-B68F-160C60EDCE05}.Debug|Any CPU.ActiveCfg = Debug|Any CPU
		{F29F9838-A146-4C3A-B68F-160C60EDCE05}.Debug|Any CPU.Build.0 = Debug|Any CPU
		{F29F9838-A146-4C3A-B68F-160C60EDCE05}.Debug|x64.ActiveCfg = Debug|Any CPU
		{F29F9838-A146-4C3A-B68F-160C60EDCE05}.Debug|x64.Build.0 = Debug|Any CPU
		{F29F9838-A146-4C3A-B68F-160C60EDCE05}.Debug|x86.ActiveCfg = Debug|Any CPU
		{F29F9838-A146-4C3A-B68F-160C60EDCE05}.Debug|x86.Build.0 = Debug|Any CPU
		{F29F9838-A146-4C3A-B68F-160C60EDCE05}.Release|Any CPU.ActiveCfg = Release|Any CPU
		{F29F9838-A146-4C3A-B68F-160C60EDCE05}.Release|Any CPU.Build.0 = Release|Any CPU
		{F29F9838-A146-4C3A-B68F-160C60EDCE05}.Release|x64.ActiveCfg = Release|Any CPU
		{F29F9838-A146-4C3A-B68F-160C60EDCE05}.Release|x64.Build.0 = Release|Any CPU
		{F29F9838-A146-4C3A-B68F-160C60EDCE05}.Release|x86.ActiveCfg = Release|Any CPU
		{F29F9838-A146-4C3A-B68F-160C60EDCE05}.Release|x86.Build.0 = Release|Any CPU
		{77581524-BD0B-4119-AD06-45A7E4A0156F}.Debug|Any CPU.ActiveCfg = Debug|x64
		{77581524-BD0B-4119-AD06-45A7E4A0156F}.Debug|Any CPU.Build.0 = Debug|x64
		{77581524-BD0B-4119-AD06-45A7E4A0156F}.Debug|x64.ActiveCfg = Debug|x64
		{77581524-BD0B-4119-AD06-45A7E4A0156F}.Debug|x64.Build.0 = Debug|x64
		{77581524-BD0B-4119-AD06-45A7E4A0156F}.Debug|x86.ActiveCfg = Debug|Win32
		{77581524-BD0B-4119-AD06-45A7E4A0156F}.Debug|x86.Build.0 = Debug|Win32
		{77581524-BD0B-4119-AD06-45A7E4A0156F}.Release|Any CPU.ActiveCfg = Release|x64
		{77581524-BD0B-4119-AD06-45A7E4A0156F}.Release|Any CPU.Build.0 = Release|x64
		{77581524-BD0B-4119-AD06-45A7E4A0156F}.Release|x64.ActiveCfg = Release|x64
		{77581524-BD0B-4119-AD06-45A7E4A0156F}.Release|x64.Build.0 = Release|x64
		{77581524-BD0B-4119-AD06-45A7E4A0156F}.Release|x86.ActiveCfg = Release|Win32
		{77581524-BD0B-4119-AD06-45A7E4A0156F}.Release|x86.Build.0 = Release|Win32
		{77581524-BD0B-4119-AD06-45A7E4A0157F}.Debug|Any CPU.ActiveCfg = Debug|x64
		{77581524-BD0B-4119-AD06-45A7E4A0157F}.Debug|Any CPU.Build.0 = Debug|x64
		{77581524-BD0B-4119-AD06-45A7E4A0157F}.Debug|x64.ActiveCfg = Debug|x64
		{77581524-BD0B-4119-AD06-45A7E4A0157F}.Debug|x64.Build.0 = Debug|x64
		{77581524-BD0B-4119-AD06-45A7E4A0157F}.Debug|x86.ActiveCfg = Debug|Win32
		{77581524-BD0B-4119-AD06-45A7E4A0157F}.Debug|x86.Build.0 = Debug|Win32
		{77581524-BD0B-4119-AD06-45A7E4A0157F}.Release|Any CPU.ActiveCfg = Release|x64
		{77581524-BD0B-4119-AD06-45A7E4A0157F}.Release|Any CPU.Build.0 = Release|x64
		{77581524-BD0B-4119-AD06-45A7E4A0157F}.Release|x64.ActiveCfg = Release|x64
		{77581524-BD0B-4119-AD06-45A7E4A0157F}.Release|x64.Build.0 = Release|x64
		{77581524-BD0B-4119-AD06-45A7E4A0157F}.Release|x86.ActiveCfg = Release|Win32
		{77581524-BD0B-4119-AD06-45A7E4A0157F}.Release|x86.Build.0 = Release|Win32
		{C036040F-E4B9-4F2F-9AC9-CA6727B3D4E8}.Debug|Any CPU.ActiveCfg = Debug|x64
		{C036040F-E4B9-4F2F-9AC9-CA6727B3D4E8}.Debug|Any CPU.Build.0 = Debug|x64
		{C036040F-E4B9-4F2F-9AC9-CA6727B3D4E8}.Debug|x64.ActiveCfg = Debug|x64
		{C036040F-E4B9-4F2F-9AC9-CA6727B3D4E8}.Debug|x64.Build.0 = Debug|x64
		{C036040F-E4B9-4F2F-9AC9-CA6727B3D4E8}.Debug|x86.ActiveCfg = Debug|Win32
		{C036040F-E4B9-4F2F-9AC9-CA6727B3D4E8}.Debug|x86.Build.0 = Debug|Win32
		{C036040F-E4B9-4F2F-9AC9-CA6727B3D4E8}.Release|Any CPU.ActiveCfg = Release|x64
		{C036040F-E4B9-4F2F-9AC9-CA6727B3D4E8}.Release|Any CPU.Build.0 = Release|x64
		{C036040F-E4B9-4F2F-9AC9-CA6727B3D4E8}.Release|x64.ActiveCfg = Release|x64
		{C036040F-E4B9-4F2F-9AC9-CA6727B3D4E8}.Release|x64.Build.0 = Release|x64
		{C036040F-E4B9-4F2F-9AC9-CA6727B3D4E8}.Release|x86.ActiveCfg = Release|Win32
		{C036040F-E4B9-4F2F-9AC9-CA6727B3D4E8}.Release|x86.Build.0 = Release|Win32
		{C036040F-E4B9-4F2F-9AC9-CA6727B3D4E9}.Debug|Any CPU.ActiveCfg = Debug|x64
		{C036040F-E4B9-4F2F-9AC9-CA6727B3D4E9}.Debug|Any CPU.Build.0 = Debug|x64
		{C036040F-E4B9-4F2F-9AC9-CA6727B3D4E9}.Debug|x64.ActiveCfg = Debug|x64
		{C036040F-E4B9-4F2F-9AC9-CA6727B3D4E9}.Debug|x64.Build.0 = Debug|x64
		{C036040F-E4B9-4F2F-9AC9-CA6727B3D4E9}.Debug|x86.ActiveCfg = Debug|Win32
		{C036040F-E4B9-4F2F-9AC9-CA6727B3D4E9}.Debug|x86.Build.0 = Debug|Win32
		{C036040F-E4B9-4F2F-9AC9-CA6727B3D4E9}.Release|Any CPU.ActiveCfg = Release|x64
		{C036040F-E4B9-4F2F-9AC9-CA6727B3D4E9}.Release|Any CPU.Build.0 = Release|x64
		{C036040F-E4B9-4F2F-9AC9-CA6727B3D4E9}.Release|x64.ActiveCfg = Release|x64
		{C036040F-E4B9-4F2F-9AC9-CA6727B3D4E9}.Release|x64.Build.0 = Release|x64
		{C036040F-E4B9-4F2F-9AC9-CA6727B3D4E9}.Release|x86.ActiveCfg = Release|Win32
		{C036040F-E4B9-4F2F-9AC9-CA6727B3D4E9}.Release|x86.Build.0 = Release|Win32
		{C036040F-E4B9-4F2F-9AC9-CA6727B3D4E5}.Debug|Any CPU.ActiveCfg = Debug|x64
		{C036040F-E4B9-4F2F-9AC9-CA6727B3D4E5}.Debug|Any CPU.Build.0 = Debug|x64
		{C036040F-E4B9-4F2F-9AC9-CA6727B3D4E5}.Debug|x64.ActiveCfg = Debug|x64
		{C036040F-E4B9-4F2F-9AC9-CA6727B3D4E5}.Debug|x64.Build.0 = Debug|x64
		{C036040F-E4B9-4F2F-9AC9-CA6727B3D4E5}.Debug|x86.ActiveCfg = Debug|Win32
		{C036040F-E4B9-4F2F-9AC9-CA6727B3D4E5}.Debug|x86.Build.0 = Debug|Win32
		{C036040F-E4B9-4F2F-9AC9-CA6727B3D4E5}.Release|Any CPU.ActiveCfg = Release|x64
		{C036040F-E4B9-4F2F-9AC9-CA6727B3D4E5}.Release|Any CPU.Build.0 = Release|x64
		{C036040F-E4B9-4F2F-9AC9-CA6727B3D4E5}.Release|x64.ActiveCfg = Release|x64
		{C036040F-E4B9-4F2F-9AC9-CA6727B3D4E5}.Release|x64.Build.0 = Release|x64
		{C036040F-E4B9-4F2F-9AC9-CA6727B3D4E5}.Release|x86.ActiveCfg = Release|Win32
		{C036040F-E4B9-4F2F-9AC9-CA6727B3D4E5}.Release|x86.Build.0 = Release|Win32
	EndGlobalSection
	GlobalSection(SolutionProperties) = preSolution
		HideSolutionNode = FALSE
	EndGlobalSection
	GlobalSection(NestedProjects) = preSolution
		{77581524-BD0B-4119-AD06-45A7E4A0156F} = {01BB680B-6CEE-4803-890F-308A78B88570}
		{77581524-BD0B-4119-AD06-45A7E4A0157F} = {01BB680B-6CEE-4803-890F-308A78B88570}
		{C036040F-E4B9-4F2F-9AC9-CA6727B3D4E8} = {1C365B53-BE40-48FE-A31B-76B79A07D1D7}
		{C036040F-E4B9-4F2F-9AC9-CA6727B3D4E9} = {1C365B53-BE40-48FE-A31B-76B79A07D1D7}
		{C036040F-E4B9-4F2F-9AC9-CA6727B3D4E5} = {1C365B53-BE40-48FE-A31B-76B79A07D1D7}
	EndGlobalSection
	GlobalSection(ExtensibilityGlobals) = postSolution
		SolutionGuid = {7A0506B4-1870-4CCC-A3C3-D35DE528B9E9}
	EndGlobalSection
EndGlobal
