
Microsoft Visual Studio Solution File, Format Version 12.00
# Visual Studio Version 17
VisualStudioVersion = 17.12.35707.178
MinimumVisualStudioVersion = 10.0.40219.1
Project("{8BC9CEB8-8B4A-11D0-8D11-00A0C91BC942}") = "SharedConsole", "SharedConsole\SharedConsole.vcxproj", "{E931881F-4697-447A-90AD-894A222B7F0A}"
	ProjectSection(ProjectDependencies) = postProject
		{0213E19D-9333-40B6-B448-63467334A838} = {0213E19D-9333-40B6-B448-63467334A838}
		{3C42E199-02A0-49EC-8104-EE9499D4C198} = {3C42E199-02A0-49EC-8104-EE9499D4C198}
	EndProjectSection
EndProject
Project("{8BC9CEB8-8B4A-11D0-8D11-00A0C91BC942}") = "SharedDLL", "SharedDLL\SharedDLL.vcxproj", "{3C42E199-02A0-49EC-8104-EE9499D4C198}"
EndProject
Project("{FAE04EC0-301F-11D3-BF4B-00C04F79EFBC}") = "SharedSharp", "SharedSharp\SharedSharp.csproj", "{0213E19D-9333-40B6-B448-63467334A838}"
	ProjectSection(ProjectDependencies) = postProject
		{3C42E199-02A0-49EC-8104-EE9499D4C198} = {3C42E199-02A0-49EC-8104-EE9499D4C198}
	EndProjectSection
EndProject
Global
	GlobalSection(SolutionConfigurationPlatforms) = preSolution
		Debug|Any CPU = Debug|Any CPU
		Debug|x64 = Debug|x64
		Debug|x86 = Debug|x86
		Release|Any CPU = Release|Any CPU
		Release|x64 = Release|x64
		Release|x86 = Release|x86
	EndGlobalSection
	GlobalSection(ProjectConfigurationPlatforms) = postSolution
		{E931881F-4697-447A-90AD-894A222B7F0A}.Debug|Any CPU.ActiveCfg = Debug|x64
		{E931881F-4697-447A-90AD-894A222B7F0A}.Debug|Any CPU.Build.0 = Debug|x64
		{E931881F-4697-447A-90AD-894A222B7F0A}.Debug|x64.ActiveCfg = Debug|x64
		{E931881F-4697-447A-90AD-894A222B7F0A}.Debug|x64.Build.0 = Debug|x64
		{E931881F-4697-447A-90AD-894A222B7F0A}.Debug|x86.ActiveCfg = Debug|Win32
		{E931881F-4697-447A-90AD-894A222B7F0A}.Debug|x86.Build.0 = Debug|Win32
		{E931881F-4697-447A-90AD-894A222B7F0A}.Release|Any CPU.ActiveCfg = Release|x64
		{E931881F-4697-447A-90AD-894A222B7F0A}.Release|Any CPU.Build.0 = Release|x64
		{E931881F-4697-447A-90AD-894A222B7F0A}.Release|x64.ActiveCfg = Release|x64
		{E931881F-4697-447A-90AD-894A222B7F0A}.Release|x64.Build.0 = Release|x64
		{E931881F-4697-447A-90AD-894A222B7F0A}.Release|x86.ActiveCfg = Release|Win32
		{E931881F-4697-447A-90AD-894A222B7F0A}.Release|x86.Build.0 = Release|Win32
		{3C42E199-02A0-49EC-8104-EE9499D4C198}.Debug|Any CPU.ActiveCfg = Debug|x64
		{3C42E199-02A0-49EC-8104-EE9499D4C198}.Debug|Any CPU.Build.0 = Debug|x64
		{3C42E199-02A0-49EC-8104-EE9499D4C198}.Debug|x64.ActiveCfg = Debug|x64
		{3C42E199-02A0-49EC-8104-EE9499D4C198}.Debug|x64.Build.0 = Debug|x64
		{3C42E199-02A0-49EC-8104-EE9499D4C198}.Debug|x86.ActiveCfg = Debug|Win32
		{3C42E199-02A0-49EC-8104-EE9499D4C198}.Debug|x86.Build.0 = Debug|Win32
		{3C42E199-02A0-49EC-8104-EE9499D4C198}.Release|Any CPU.ActiveCfg = Release|x64
		{3C42E199-02A0-49EC-8104-EE9499D4C198}.Release|Any CPU.Build.0 = Release|x64
		{3C42E199-02A0-49EC-8104-EE9499D4C198}.Release|x64.ActiveCfg = Release|x64
		{3C42E199-02A0-49EC-8104-EE9499D4C198}.Release|x64.Build.0 = Release|x64
		{3C42E199-02A0-49EC-8104-EE9499D4C198}.Release|x86.ActiveCfg = Release|Win32
		{3C42E199-02A0-49EC-8104-EE9499D4C198}.Release|x86.Build.0 = Release|Win32
		{0213E19D-9333-40B6-B448-63467334A838}.Debug|Any CPU.ActiveCfg = Debug|Any CPU
		{0213E19D-9333-40B6-B448-63467334A838}.Debug|Any CPU.Build.0 = Debug|Any CPU
		{0213E19D-9333-40B6-B448-63467334A838}.Debug|x64.ActiveCfg = Debug|Any CPU
		{0213E19D-9333-40B6-B448-63467334A838}.Debug|x64.Build.0 = Debug|Any CPU
		{0213E19D-9333-40B6-B448-63467334A838}.Debug|x86.ActiveCfg = Debug|Any CPU
		{0213E19D-9333-40B6-B448-63467334A838}.Debug|x86.Build.0 = Debug|Any CPU
		{0213E19D-9333-40B6-B448-63467334A838}.Release|Any CPU.ActiveCfg = Release|Any CPU
		{0213E19D-9333-40B6-B448-63467334A838}.Release|Any CPU.Build.0 = Release|Any CPU
		{0213E19D-9333-40B6-B448-63467334A838}.Release|x64.ActiveCfg = Release|Any CPU
		{0213E19D-9333-40B6-B448-63467334A838}.Release|x64.Build.0 = Release|Any CPU
		{0213E19D-9333-40B6-B448-63467334A838}.Release|x86.ActiveCfg = Release|Any CPU
		{0213E19D-9333-40B6-B448-63467334A838}.Release|x86.Build.0 = Release|Any CPU
	EndGlobalSection
	GlobalSection(SolutionProperties) = preSolution
		HideSolutionNode = FALSE
	EndGlobalSection
	GlobalSection(ExtensibilityGlobals) = postSolution
		SolutionGuid = {05B568F8-A738-4BC7-878A-179683667524}
	EndGlobalSection
EndGlobal
